Microsoft Visual Studio Solution File, Format Version 12.00
# Visual Studio 15
VisualStudioVersion = 15.0.27004.2005
MinimumVisualStudioVersion = 10.0.40219.1
Project("{9A19103F-16F7-4668-BE54-9A1E7A4F7556}") = "SiftScience", "SiftScience\SiftScience.csproj", "{0F645FDF-1BDE-45D3-9E51-3CC96E050285}"
EndProject
Global
	GlobalSection(SolutionConfigurationPlatforms) = preSolution
		Debug|Any CPU = Debug|Any CPU
		Debug|x64 = Debug|x64
		Debug|x86 = Debug|x86
		Release|Any CPU = Release|Any CPU
		Release|x64 = Release|x64
		Release|x86 = Release|x86
	EndGlobalSection
	GlobalSection(ProjectConfigurationPlatforms) = postSolution
		{0F645FDF-1BDE-45D3-9E51-3CC96E050285}.Debug|Any CPU.ActiveCfg = Debug|Any CPU
		{0F645FDF-1BDE-45D3-9E51-3CC96E050285}.Debug|Any CPU.Build.0 = Debug|Any CPU
		{0F645FDF-1BDE-45D3-9E51-3CC96E050285}.Debug|x64.ActiveCfg = Debug|Any CPU
		{0F645FDF-1BDE-45D3-9E51-3CC96E050285}.Debug|x64.Build.0 = Debug|Any CPU
		{0F645FDF-1BDE-45D3-9E51-3CC96E050285}.Debug|x86.ActiveCfg = Debug|Any CPU
		{0F645FDF-1BDE-45D3-9E51-3CC96E050285}.Debug|x86.Build.0 = Debug|Any CPU
		{0F645FDF-1BDE-45D3-9E51-3CC96E050285}.Release|Any CPU.ActiveCfg = Release|Any CPU
		{0F645FDF-1BDE-45D3-9E51-3CC96E050285}.Release|Any CPU.Build.0 = Release|Any CPU
		{0F645FDF-1BDE-45D3-9E51-3CC96E050285}.Release|x64.ActiveCfg = Release|Any CPU
		{0F645FDF-1BDE-45D3-9E51-3CC96E050285}.Release|x64.Build.0 = Release|Any CPU
		{0F645FDF-1BDE-45D3-9E51-3CC96E050285}.Release|x86.ActiveCfg = Release|Any CPU
		{0F645FDF-1BDE-45D3-9E51-3CC96E050285}.Release|x86.Build.0 = Release|Any CPU
	EndGlobalSection
	GlobalSection(SolutionProperties) = preSolution
		HideSolutionNode = FALSE
	EndGlobalSection
	GlobalSection(ExtensibilityGlobals) = postSolution
		SolutionGuid = {9D1BEC47-F5BD-4CA4-B850-C22677EB4172}
	EndGlobalSection
EndGlobal
